
Microsoft Visual Studio Solution File, Format Version 12.00
# Visual Studio Version 16
VisualStudioVersion = 16.0.29519.87
MinimumVisualStudioVersion = 10.0.40219.1
Project("{FAE04EC0-301F-11D3-BF4B-00C04F79EFBC}") = "HumansInHarmony", "HumansInHarmony\HumansInHarmony.csproj", "{94837FBC-FEC9-44AF-9984-A05A226EFAC6}"
EndProject
Global
	GlobalSection(SolutionConfigurationPlatforms) = preSolution
		Debug|Any CPU = Debug|Any CPU
		Release|Any CPU = Release|Any CPU
	EndGlobalSection
	GlobalSection(ProjectConfigurationPlatforms) = postSolution
		{94837FBC-FEC9-44AF-9984-A05A226EFAC6}.Debug|Any CPU.ActiveCfg = Debug|Any CPU
		{94837FBC-FEC9-44AF-9984-A05A226EFAC6}.Debug|Any CPU.Build.0 = Debug|Any CPU
		{94837FBC-FEC9-44AF-9984-A05A226EFAC6}.Release|Any CPU.ActiveCfg = Release|Any CPU
		{94837FBC-FEC9-44AF-9984-A05A226EFAC6}.Release|Any CPU.Build.0 = Release|Any CPU
	EndGlobalSection
	GlobalSection(SolutionProperties) = preSolution
		HideSolutionNode = FALSE
	EndGlobalSection
	GlobalSection(ExtensibilityGlobals) = postSolution
		SolutionGuid = {19F87C2D-50BD-41ED-9ED0-4080BB0D8C7F}
	EndGlobalSection
EndGlobal
